
Microsoft Visual Studio Solution File, Format Version 12.00
# Visual Studio Version 17
VisualStudioVersion = 17.7.34221.43
MinimumVisualStudioVersion = 10.0.40219.1
Project("{FAE04EC0-301F-11D3-BF4B-00C04F79EFBC}") = "RedResQ_WebApp", "RedResQ_WebApp\RedResQ_WebApp.csproj", "{5B40F182-EF74-47F2-8D4C-4AD868FC1F8F}"
EndProject
Project("{FAE04EC0-301F-11D3-BF4B-00C04F79EFBC}") = "RedResQ_WebApp.Lib", "RedResQ_WebApp.Lib\RedResQ_WebApp.Lib.csproj", "{023039CD-9B27-4138-A413-96D993A7A49A}"
EndProject
Global
	GlobalSection(SolutionConfigurationPlatforms) = preSolution
		Debug|Any CPU = Debug|Any CPU
		Release|Any CPU = Release|Any CPU
	EndGlobalSection
	GlobalSection(ProjectConfigurationPlatforms) = postSolution
		{5B40F182-EF74-47F2-8D4C-4AD868FC1F8F}.Debug|Any CPU.ActiveCfg = Debug|Any CPU
		{5B40F182-EF74-47F2-8D4C-4AD868FC1F8F}.Debug|Any CPU.Build.0 = Debug|Any CPU
		{5B40F182-EF74-47F2-8D4C-4AD868FC1F8F}.Release|Any CPU.ActiveCfg = Release|Any CPU
		{5B40F182-EF74-47F2-8D4C-4AD868FC1F8F}.Release|Any CPU.Build.0 = Release|Any CPU
		{023039CD-9B27-4138-A413-96D993A7A49A}.Debug|Any CPU.ActiveCfg = Debug|Any CPU
		{023039CD-9B27-4138-A413-96D993A7A49A}.Debug|Any CPU.Build.0 = Debug|Any CPU
		{023039CD-9B27-4138-A413-96D993A7A49A}.Release|Any CPU.ActiveCfg = Release|Any CPU
		{023039CD-9B27-4138-A413-96D993A7A49A}.Release|Any CPU.Build.0 = Release|Any CPU
	EndGlobalSection
	GlobalSection(SolutionProperties) = preSolution
		HideSolutionNode = FALSE
	EndGlobalSection
	GlobalSection(ExtensibilityGlobals) = postSolution
		SolutionGuid = {9CBEB16D-27B9-4A87-AB69-0D49117606EF}
	EndGlobalSection
EndGlobal
